// !$*UTF8*$!
{
	archiveVersion = 1;
	classes = {
	};
	objectVersion = 46;
	objects = {

/* Begin PBXBuildFile section */
		616C12251921426B002FF104 /* Foundation.framework in Frameworks */ = {isa = PBXBuildFile; fileRef = 616C12241921426B002FF104 /* Foundation.framework */; };
		616C12271921426B002FF104 /* CoreGraphics.framework in Frameworks */ = {isa = PBXBuildFile; fileRef = 616C12261921426B002FF104 /* CoreGraphics.framework */; };
		616C12291921426B002FF104 /* UIKit.framework in Frameworks */ = {isa = PBXBuildFile; fileRef = 616C12281921426B002FF104 /* UIKit.framework */; };
		616C122F1921426B002FF104 /* InfoPlist.strings in Resources */ = {isa = PBXBuildFile; fileRef = 616C122D1921426B002FF104 /* InfoPlist.strings */; };
		616C12311921426B002FF104 /* main.m in Sources */ = {isa = PBXBuildFile; fileRef = 616C12301921426B002FF104 /* main.m */; };
		616C12351921426B002FF104 /* XYZAppDelegate.m in Sources */ = {isa = PBXBuildFile; fileRef = 616C12341921426B002FF104 /* XYZAppDelegate.m */; };
		616C12371921426B002FF104 /* Images.xcassets in Resources */ = {isa = PBXBuildFile; fileRef = 616C12361921426B002FF104 /* Images.xcassets */; };
		616C123E1921426B002FF104 /* XCTest.framework in Frameworks */ = {isa = PBXBuildFile; fileRef = 616C123D1921426B002FF104 /* XCTest.framework */; };
		616C123F1921426B002FF104 /* Foundation.framework in Frameworks */ = {isa = PBXBuildFile; fileRef = 616C12241921426B002FF104 /* Foundation.framework */; };
		616C12401921426B002FF104 /* UIKit.framework in Frameworks */ = {isa = PBXBuildFile; fileRef = 616C12281921426B002FF104 /* UIKit.framework */; };
		616C12481921426B002FF104 /* InfoPlist.strings in Resources */ = {isa = PBXBuildFile; fileRef = 616C12461921426B002FF104 /* InfoPlist.strings */; };
		616C124A1921426B002FF104 /* BLESensorTests.m in Sources */ = {isa = PBXBuildFile; fileRef = 616C12491921426B002FF104 /* BLESensorTests.m */; };
		616C125519214379002FF104 /* XYZMainViewController.m in Sources */ = {isa = PBXBuildFile; fileRef = 616C125419214379002FF104 /* XYZMainViewController.m */; };
		616C125F19214A13002FF104 /* BLE.m in Sources */ = {isa = PBXBuildFile; fileRef = 616C125D19214A13002FF104 /* BLE.m */; };
		616C126119214B17002FF104 /* Main.storyboard in Resources */ = {isa = PBXBuildFile; fileRef = 616C126019214B17002FF104 /* Main.storyboard */; };
		616C12631922825C002FF104 /* CoreMotion.framework in Frameworks */ = {isa = PBXBuildFile; fileRef = 616C12621922825C002FF104 /* CoreMotion.framework */; };
/* End PBXBuildFile section */

/* Begin PBXContainerItemProxy section */
		616C12411921426B002FF104 /* PBXContainerItemProxy */ = {
			isa = PBXContainerItemProxy;
			containerPortal = 616C12191921426B002FF104 /* Project object */;
			proxyType = 1;
			remoteGlobalIDString = 616C12201921426B002FF104;
			remoteInfo = BLESensor;
		};
/* End PBXContainerItemProxy section */

/* Begin PBXFileReference section */
		616C12211921426B002FF104 /* BLESensor.app */ = {isa = PBXFileReference; explicitFileType = wrapper.application; includeInIndex = 0; path = BLESensor.app; sourceTree = BUILT_PRODUCTS_DIR; };
		616C12241921426B002FF104 /* Foundation.framework */ = {isa = PBXFileReference; lastKnownFileType = wrapper.framework; name = Foundation.framework; path = System/Library/Frameworks/Foundation.framework; sourceTree = SDKROOT; };
		616C12261921426B002FF104 /* CoreGraphics.framework */ = {isa = PBXFileReference; lastKnownFileType = wrapper.framework; name = CoreGraphics.framework; path = System/Library/Frameworks/CoreGraphics.framework; sourceTree = SDKROOT; };
		616C12281921426B002FF104 /* UIKit.framework */ = {isa = PBXFileReference; lastKnownFileType = wrapper.framework; name = UIKit.framework; path = System/Library/Frameworks/UIKit.framework; sourceTree = SDKROOT; };
		616C122C1921426B002FF104 /* BLESensor-Info.plist */ = {isa = PBXFileReference; lastKnownFileType = text.plist.xml; path = "BLESensor-Info.plist"; sourceTree = "<group>"; };
		616C122E1921426B002FF104 /* en */ = {isa = PBXFileReference; lastKnownFileType = text.plist.strings; name = en; path = en.lproj/InfoPlist.strings; sourceTree = "<group>"; };
		616C12301921426B002FF104 /* main.m */ = {isa = PBXFileReference; lastKnownFileType = sourcecode.c.objc; path = main.m; sourceTree = "<group>"; };
		616C12321921426B002FF104 /* BLESensor-Prefix.pch */ = {isa = PBXFileReference; lastKnownFileType = sourcecode.c.h; path = "BLESensor-Prefix.pch"; sourceTree = "<group>"; };
		616C12331921426B002FF104 /* XYZAppDelegate.h */ = {isa = PBXFileReference; lastKnownFileType = sourcecode.c.h; path = XYZAppDelegate.h; sourceTree = "<group>"; };
		616C12341921426B002FF104 /* XYZAppDelegate.m */ = {isa = PBXFileReference; lastKnownFileType = sourcecode.c.objc; path = XYZAppDelegate.m; sourceTree = "<group>"; };
		616C12361921426B002FF104 /* Images.xcassets */ = {isa = PBXFileReference; lastKnownFileType = folder.assetcatalog; path = Images.xcassets; sourceTree = "<group>"; };
		616C123C1921426B002FF104 /* BLESensorTests.xctest */ = {isa = PBXFileReference; explicitFileType = wrapper.cfbundle; includeInIndex = 0; path = BLESensorTests.xctest; sourceTree = BUILT_PRODUCTS_DIR; };
		616C123D1921426B002FF104 /* XCTest.framework */ = {isa = PBXFileReference; lastKnownFileType = wrapper.framework; name = XCTest.framework; path = Library/Frameworks/XCTest.framework; sourceTree = DEVELOPER_DIR; };
		616C12451921426B002FF104 /* BLESensorTests-Info.plist */ = {isa = PBXFileReference; lastKnownFileType = text.plist.xml; path = "BLESensorTests-Info.plist"; sourceTree = "<group>"; };
		616C12471921426B002FF104 /* en */ = {isa = PBXFileReference; lastKnownFileType = text.plist.strings; name = en; path = en.lproj/InfoPlist.strings; sourceTree = "<group>"; };
		616C12491921426B002FF104 /* BLESensorTests.m */ = {isa = PBXFileReference; lastKnownFileType = sourcecode.c.objc; path = BLESensorTests.m; sourceTree = "<group>"; };
		616C125319214379002FF104 /* XYZMainViewController.h */ = {isa = PBXFileReference; fileEncoding = 4; lastKnownFileType = sourcecode.c.h; path = XYZMainViewController.h; sourceTree = "<group>"; };
		616C125419214379002FF104 /* XYZMainViewController.m */ = {isa = PBXFileReference; fileEncoding = 4; lastKnownFileType = sourcecode.c.objc; path = XYZMainViewController.m; sourceTree = "<group>"; };
		616C125C19214A13002FF104 /* BLE.h */ = {isa = PBXFileReference; fileEncoding = 4; lastKnownFileType = sourcecode.c.h; path = BLE.h; sourceTree = "<group>"; };
		616C125D19214A13002FF104 /* BLE.m */ = {isa = PBXFileReference; fileEncoding = 4; lastKnownFileType = sourcecode.c.objc; path = BLE.m; sourceTree = "<group>"; };
		616C125E19214A13002FF104 /* BLEDefines.h */ = {isa = PBXFileReference; fileEncoding = 4; lastKnownFileType = sourcecode.c.h; path = BLEDefines.h; sourceTree = "<group>"; };
		616C126019214B17002FF104 /* Main.storyboard */ = {isa = PBXFileReference; fileEncoding = 4; lastKnownFileType = file.storyboard; path = Main.storyboard; sourceTree = "<group>"; };
		616C12621922825C002FF104 /* CoreMotion.framework */ = {isa = PBXFileReference; lastKnownFileType = wrapper.framework; name = CoreMotion.framework; path = System/Library/Frameworks/CoreMotion.framework; sourceTree = SDKROOT; };
/* End PBXFileReference section */

/* Begin PBXFrameworksBuildPhase section */
		616C121E1921426B002FF104 /* Frameworks */ = {
			isa = PBXFrameworksBuildPhase;
			buildActionMask = 2147483647;
			files = (
				616C12631922825C002FF104 /* CoreMotion.framework in Frameworks */,
				616C12271921426B002FF104 /* CoreGraphics.framework in Frameworks */,
				616C12291921426B002FF104 /* UIKit.framework in Frameworks */,
				616C12251921426B002FF104 /* Foundation.framework in Frameworks */,
			);
			runOnlyForDeploymentPostprocessing = 0;
		};
		616C12391921426B002FF104 /* Frameworks */ = {
			isa = PBXFrameworksBuildPhase;
			buildActionMask = 2147483647;
			files = (
				616C123E1921426B002FF104 /* XCTest.framework in Frameworks */,
				616C12401921426B002FF104 /* UIKit.framework in Frameworks */,
				616C123F1921426B002FF104 /* Foundation.framework in Frameworks */,
			);
			runOnlyForDeploymentPostprocessing = 0;
		};
/* End PBXFrameworksBuildPhase section */

/* Begin PBXGroup section */
		616C12181921426B002FF104 = {
			isa = PBXGroup;
			children = (
				616C125319214379002FF104 /* XYZMainViewController.h */,
				616C126019214B17002FF104 /* Main.storyboard */,
				616C125419214379002FF104 /* XYZMainViewController.m */,
				616C122A1921426B002FF104 /* BLESensor */,
				616C12431921426B002FF104 /* BLESensorTests */,
				616C12231921426B002FF104 /* Frameworks */,
				616C12221921426B002FF104 /* Products */,
			);
			sourceTree = "<group>";
		};
		616C12221921426B002FF104 /* Products */ = {
			isa = PBXGroup;
			children = (
				616C12211921426B002FF104 /* BLESensor.app */,
				616C123C1921426B002FF104 /* BLESensorTests.xctest */,
			);
			name = Products;
			sourceTree = "<group>";
		};
		616C12231921426B002FF104 /* Frameworks */ = {
			isa = PBXGroup;
			children = (
				616C12621922825C002FF104 /* CoreMotion.framework */,
				616C12241921426B002FF104 /* Foundation.framework */,
				616C12261921426B002FF104 /* CoreGraphics.framework */,
				616C12281921426B002FF104 /* UIKit.framework */,
				616C123D1921426B002FF104 /* XCTest.framework */,
			);
			name = Frameworks;
			sourceTree = "<group>";
		};
		616C122A1921426B002FF104 /* BLESensor */ = {
			isa = PBXGroup;
			children = (
				616C125B19214A13002FF104 /* BLE */,
				616C12331921426B002FF104 /* XYZAppDelegate.h */,
				616C12341921426B002FF104 /* XYZAppDelegate.m */,
				616C12361921426B002FF104 /* Images.xcassets */,
				616C122B1921426B002FF104 /* Supporting Files */,
			);
			path = BLESensor;
			sourceTree = "<group>";
		};
		616C122B1921426B002FF104 /* Supporting Files */ = {
			isa = PBXGroup;
			children = (
				616C122C1921426B002FF104 /* BLESensor-Info.plist */,
				616C122D1921426B002FF104 /* InfoPlist.strings */,
				616C12301921426B002FF104 /* main.m */,
				616C12321921426B002FF104 /* BLESensor-Prefix.pch */,
			);
			name = "Supporting Files";
			sourceTree = "<group>";
		};
		616C12431921426B002FF104 /* BLESensorTests */ = {
			isa = PBXGroup;
			children = (
				616C12491921426B002FF104 /* BLESensorTests.m */,
				616C12441921426B002FF104 /* Supporting Files */,
			);
			path = BLESensorTests;
			sourceTree = "<group>";
		};
		616C12441921426B002FF104 /* Supporting Files */ = {
			isa = PBXGroup;
			children = (
				616C12451921426B002FF104 /* BLESensorTests-Info.plist */,
				616C12461921426B002FF104 /* InfoPlist.strings */,
			);
			name = "Supporting Files";
			sourceTree = "<group>";
		};
		616C125B19214A13002FF104 /* BLE */ = {
			isa = PBXGroup;
			children = (
				616C125C19214A13002FF104 /* BLE.h */,
				616C125D19214A13002FF104 /* BLE.m */,
				616C125E19214A13002FF104 /* BLEDefines.h */,
			);
			path = BLE;
			sourceTree = "<group>";
		};
/* End PBXGroup section */

/* Begin PBXNativeTarget section */
		616C12201921426B002FF104 /* BLESensor */ = {
			isa = PBXNativeTarget;
			buildConfigurationList = 616C124D1921426B002FF104 /* Build configuration list for PBXNativeTarget "BLESensor" */;
			buildPhases = (
				616C121D1921426B002FF104 /* Sources */,
				616C121E1921426B002FF104 /* Frameworks */,
				616C121F1921426B002FF104 /* Resources */,
			);
			buildRules = (
			);
			dependencies = (
			);
			name = BLESensor;
			productName = BLESensor;
			productReference = 616C12211921426B002FF104 /* BLESensor.app */;
			productType = "com.apple.product-type.application";
		};
		616C123B1921426B002FF104 /* BLESensorTests */ = {
			isa = PBXNativeTarget;
			buildConfigurationList = 616C12501921426B002FF104 /* Build configuration list for PBXNativeTarget "BLESensorTests" */;
			buildPhases = (
				616C12381921426B002FF104 /* Sources */,
				616C12391921426B002FF104 /* Frameworks */,
				616C123A1921426B002FF104 /* Resources */,
			);
			buildRules = (
			);
			dependencies = (
				616C12421921426B002FF104 /* PBXTargetDependency */,
			);
			name = BLESensorTests;
			productName = BLESensorTests;
			productReference = 616C123C1921426B002FF104 /* BLESensorTests.xctest */;
			productType = "com.apple.product-type.bundle.unit-test";
		};
/* End PBXNativeTarget section */

/* Begin PBXProject section */
		616C12191921426B002FF104 /* Project object */ = {
			isa = PBXProject;
			attributes = {
				CLASSPREFIX = XYZ;
				LastUpgradeCheck = 0510;
				ORGANIZATIONNAME = "Vince Allen";
				TargetAttributes = {
					616C123B1921426B002FF104 = {
						TestTargetID = 616C12201921426B002FF104;
					};
				};
			};
			buildConfigurationList = 616C121C1921426B002FF104 /* Build configuration list for PBXProject "BLESensor" */;
			compatibilityVersion = "Xcode 3.2";
			developmentRegion = English;
			hasScannedForEncodings = 0;
			knownRegions = (
				en,
			);
			mainGroup = 616C12181921426B002FF104;
			productRefGroup = 616C12221921426B002FF104 /* Products */;
			projectDirPath = "";
			projectRoot = "";
			targets = (
				616C12201921426B002FF104 /* BLESensor */,
				616C123B1921426B002FF104 /* BLESensorTests */,
			);
		};
/* End PBXProject section */

/* Begin PBXResourcesBuildPhase section */
		616C121F1921426B002FF104 /* Resources */ = {
			isa = PBXResourcesBuildPhase;
			buildActionMask = 2147483647;
			files = (
				616C126119214B17002FF104 /* Main.storyboard in Resources */,
				616C122F1921426B002FF104 /* InfoPlist.strings in Resources */,
				616C12371921426B002FF104 /* Images.xcassets in Resources */,
			);
			runOnlyForDeploymentPostprocessing = 0;
		};
		616C123A1921426B002FF104 /* Resources */ = {
			isa = PBXResourcesBuildPhase;
			buildActionMask = 2147483647;
			files = (
				616C12481921426B002FF104 /* InfoPlist.strings in Resources */,
			);
			runOnlyForDeploymentPostprocessing = 0;
		};
/* End PBXResourcesBuildPhase section */

/* Begin PBXSourcesBuildPhase section */
		616C121D1921426B002FF104 /* Sources */ = {
			isa = PBXSourcesBuildPhase;
			buildActionMask = 2147483647;
			files = (
				616C125519214379002FF104 /* XYZMainViewController.m in Sources */,
				616C12351921426B002FF104 /* XYZAppDelegate.m in Sources */,
				616C12311921426B002FF104 /* main.m in Sources */,
				616C125F19214A13002FF104 /* BLE.m in Sources */,
			);
			runOnlyForDeploymentPostprocessing = 0;
		};
		616C12381921426B002FF104 /* Sources */ = {
			isa = PBXSourcesBuildPhase;
			buildActionMask = 2147483647;
			files = (
				616C124A1921426B002FF104 /* BLESensorTests.m in Sources */,
			);
			runOnlyForDeploymentPostprocessing = 0;
		};
/* End PBXSourcesBuildPhase section */

/* Begin PBXTargetDependency section */
		616C12421921426B002FF104 /* PBXTargetDependency */ = {
			isa = PBXTargetDependency;
			target = 616C12201921426B002FF104 /* BLESensor */;
			targetProxy = 616C12411921426B002FF104 /* PBXContainerItemProxy */;
		};
/* End PBXTargetDependency section */

/* Begin PBXVariantGroup section */
		616C122D1921426B002FF104 /* InfoPlist.strings */ = {
			isa = PBXVariantGroup;
			children = (
				616C122E1921426B002FF104 /* en */,
			);
			name = InfoPlist.strings;
			sourceTree = "<group>";
		};
		616C12461921426B002FF104 /* InfoPlist.strings */ = {
			isa = PBXVariantGroup;
			children = (
				616C12471921426B002FF104 /* en */,
			);
			name = InfoPlist.strings;
			sourceTree = "<group>";
		};
/* End PBXVariantGroup section */

/* Begin XCBuildConfiguration section */
		616C124B1921426B002FF104 /* Debug */ = {
			isa = XCBuildConfiguration;
			buildSettings = {
				ALWAYS_SEARCH_USER_PATHS = NO;
				CLANG_CXX_LANGUAGE_STANDARD = "gnu++0x";
				CLANG_CXX_LIBRARY = "libc++";
				CLANG_ENABLE_MODULES = YES;
				CLANG_ENABLE_OBJC_ARC = YES;
				CLANG_WARN_BOOL_CONVERSION = YES;
				CLANG_WARN_CONSTANT_CONVERSION = YES;
				CLANG_WARN_DIRECT_OBJC_ISA_USAGE = YES_ERROR;
				CLANG_WARN_EMPTY_BODY = YES;
				CLANG_WARN_ENUM_CONVERSION = YES;
				CLANG_WARN_INT_CONVERSION = YES;
				CLANG_WARN_OBJC_ROOT_CLASS = YES_ERROR;
				CLANG_WARN__DUPLICATE_METHOD_MATCH = YES;
				"CODE_SIGN_IDENTITY[sdk=iphoneos*]" = "iPhone Developer";
				COPY_PHASE_STRIP = NO;
				GCC_C_LANGUAGE_STANDARD = gnu99;
				GCC_DYNAMIC_NO_PIC = NO;
				GCC_OPTIMIZATION_LEVEL = 0;
				GCC_PREPROCESSOR_DEFINITIONS = (
					"DEBUG=1",
					"$(inherited)",
				);
				GCC_SYMBOLS_PRIVATE_EXTERN = NO;
				GCC_WARN_64_TO_32_BIT_CONVERSION = YES;
				GCC_WARN_ABOUT_RETURN_TYPE = YES_ERROR;
				GCC_WARN_UNDECLARED_SELECTOR = YES;
				GCC_WARN_UNINITIALIZED_AUTOS = YES_AGGRESSIVE;
				GCC_WARN_UNUSED_FUNCTION = YES;
				GCC_WARN_UNUSED_VARIABLE = YES;
				IPHONEOS_DEPLOYMENT_TARGET = 7.1;
				ONLY_ACTIVE_ARCH = YES;
				SDKROOT = iphoneos;
			};
			name = Debug;
		};
		616C124C1921426B002FF104 /* Release */ = {
			isa = XCBuildConfiguration;
			buildSettings = {
				ALWAYS_SEARCH_USER_PATHS = NO;
				CLANG_CXX_LANGUAGE_STANDARD = "gnu++0x";
				CLANG_CXX_LIBRARY = "libc++";
				CLANG_ENABLE_MODULES = YES;
				CLANG_ENABLE_OBJC_ARC = YES;
				CLANG_WARN_BOOL_CONVERSION = YES;
				CLANG_WARN_CONSTANT_CONVERSION = YES;
				CLANG_WARN_DIRECT_OBJC_ISA_USAGE = YES_ERROR;
				CLANG_WARN_EMPTY_BODY = YES;
				CLANG_WARN_ENUM_CONVERSION = YES;
				CLANG_WARN_INT_CONVERSION = YES;
				CLANG_WARN_OBJC_ROOT_CLASS = YES_ERROR;
				CLANG_WARN__DUPLICATE_METHOD_MATCH = YES;
				"CODE_SIGN_IDENTITY[sdk=iphoneos*]" = "iPhone Developer";
				COPY_PHASE_STRIP = YES;
				ENABLE_NS_ASSERTIONS = NO;
				GCC_C_LANGUAGE_STANDARD = gnu99;
				GCC_WARN_64_TO_32_BIT_CONVERSION = YES;
				GCC_WARN_ABOUT_RETURN_TYPE = YES_ERROR;
				GCC_WARN_UNDECLARED_SELECTOR = YES;
				GCC_WARN_UNINITIALIZED_AUTOS = YES_AGGRESSIVE;
				GCC_WARN_UNUSED_FUNCTION = YES;
				GCC_WARN_UNUSED_VARIABLE = YES;
				IPHONEOS_DEPLOYMENT_TARGET = 7.1;
				SDKROOT = iphoneos;
				VALIDATE_PRODUCT = YES;
			};
			name = Release;
		};
		616C124E1921426B002FF104 /* Debug */ = {
			isa = XCBuildConfiguration;
			buildSettings = {
				ASSETCATALOG_COMPILER_APPICON_NAME = AppIcon;
				ASSETCATALOG_COMPILER_LAUNCHIMAGE_NAME = LaunchImage;
				GCC_PRECOMPILE_PREFIX_HEADER = YES;
				GCC_PREFIX_HEADER = "BLESensor/BLESensor-Prefix.pch";
				INFOPLIST_FILE = "BLESensor/BLESensor-Info.plist";
				PRODUCT_NAME = "$(TARGET_NAME)";
				WRAPPER_EXTENSION = app;
			};
			name = Debug;
		};
		616C124F1921426B002FF104 /* Release */ = {
			isa = XCBuildConfiguration;
			buildSettings = {
				ASSETCATALOG_COMPILER_APPICON_NAME = AppIcon;
				ASSETCATALOG_COMPILER_LAUNCHIMAGE_NAME = LaunchImage;
				GCC_PRECOMPILE_PREFIX_HEADER = YES;
				GCC_PREFIX_HEADER = "BLESensor/BLESensor-Prefix.pch";
				INFOPLIST_FILE = "BLESensor/BLESensor-Info.plist";
				PRODUCT_NAME = "$(TARGET_NAME)";
				WRAPPER_EXTENSION = app;
			};
			name = Release;
		};
		616C12511921426B002FF104 /* Debug */ = {
			isa = XCBuildConfiguration;
			buildSettings = {
				BUNDLE_LOADER = "$(BUILT_PRODUCTS_DIR)/BLESensor.app/BLESensor";
				FRAMEWORK_SEARCH_PATHS = (
					"$(SDKROOT)/Developer/Library/Frameworks",
					"$(inherited)",
					"$(DEVELOPER_FRAMEWORKS_DIR)",
				);
				GCC_PRECOMPILE_PREFIX_HEADER = YES;
				GCC_PREFIX_HEADER = "BLESensor/BLESensor-Prefix.pch";
				GCC_PREPROCESSOR_DEFINITIONS = (
					"DEBUG=1",
					"$(inherited)",
				);
				INFOPLIST_FILE = "BLESensorTests/BLESensorTests-Info.plist";
				PRODUCT_NAME = "$(TARGET_NAME)";
				TEST_HOST = "$(BUNDLE_LOADER)";
				WRAPPER_EXTENSION = xctest;
			};
			name = Debug;
		};
		616C12521921426B002FF104 /* Release */ = {
			isa = XCBuildConfiguration;
			buildSettings = {
				BUNDLE_LOADER = "$(BUILT_PRODUCTS_DIR)/BLESensor.app/BLESensor";
				FRAMEWORK_SEARCH_PATHS = (
					"$(SDKROOT)/Developer/Library/Frameworks",
					"$(inherited)",
					"$(DEVELOPER_FRAMEWORKS_DIR)",
				);
				GCC_PRECOMPILE_PREFIX_HEADER = YES;
				GCC_PREFIX_HEADER = "BLESensor/BLESensor-Prefix.pch";
				INFOPLIST_FILE = "BLESensorTests/BLESensorTests-Info.plist";
				PRODUCT_NAME = "$(TARGET_NAME)";
				TEST_HOST = "$(BUNDLE_LOADER)";
				WRAPPER_EXTENSION = xctest;
			};
			name = Release;
		};
/* End XCBuildConfiguration section */

/* Begin XCConfigurationList section */
		616C121C1921426B002FF104 /* Build configuration list for PBXProject "BLESensor" */ = {
			isa = XCConfigurationList;
			buildConfigurations = (
				616C124B1921426B002FF104 /* Debug */,
				616C124C1921426B002FF104 /* Release */,
			);
			defaultConfigurationIsVisible = 0;
			defaultConfigurationName = Release;
		};
		616C124D1921426B002FF104 /* Build configuration list for PBXNativeTarget "BLESensor" */ = {
			isa = XCConfigurationList;
			buildConfigurations = (
				616C124E1921426B002FF104 /* Debug */,
				616C124F1921426B002FF104 /* Release */,
			);
			defaultConfigurationIsVisible = 0;
			defaultConfigurationName = Release;
		};
		616C12501921426B002FF104 /* Build configuration list for PBXNativeTarget "BLESensorTests" */ = {
			isa = XCConfigurationList;
			buildConfigurations = (
				616C12511921426B002FF104 /* Debug */,
				616C12521921426B002FF104 /* Release */,
			);
			defaultConfigurationIsVisible = 0;
			defaultConfigurationName = Release;
		};
/* End XCConfigurationList section */
	};
	rootObject = 616C12191921426B002FF104 /* Project object */;
}
